
Microsoft Visual Studio Solution File, Format Version 12.00
# Visual Studio Version 16
VisualStudioVersion = 16.0.36631.11
MinimumVisualStudioVersion = 10.0.40219.1
Project("{FAE04EC0-301F-11D3-BF4B-00C04F79EFBC}") = "pain", "pain.csproj", "{11569A48-1AC9-4472-8108-0EC0ACDEEE9C}"
EndProject
Global
	GlobalSection(SolutionConfigurationPlatforms) = preSolution
		Debug|Any CPU = Debug|Any CPU
		Release|Any CPU = Release|Any CPU
	EndGlobalSection
	GlobalSection(ProjectConfigurationPlatforms) = postSolution
		{11569A48-1AC9-4472-8108-0EC0ACDEEE9C}.Debug|Any CPU.ActiveCfg = Debug|Any CPU
		{11569A48-1AC9-4472-8108-0EC0ACDEEE9C}.Debug|Any CPU.Build.0 = Debug|Any CPU
		{11569A48-1AC9-4472-8108-0EC0ACDEEE9C}.Debug|Any CPU.Deploy.0 = Debug|Any CPU
		{11569A48-1AC9-4472-8108-0EC0ACDEEE9C}.Release|Any CPU.ActiveCfg = Release|Any CPU
		{11569A48-1AC9-4472-8108-0EC0ACDEEE9C}.Release|Any CPU.Build.0 = Release|Any CPU
		{11569A48-1AC9-4472-8108-0EC0ACDEEE9C}.Release|Any CPU.Deploy.0 = Release|Any CPU
	EndGlobalSection
	GlobalSection(SolutionProperties) = preSolution
		HideSolutionNode = FALSE
	EndGlobalSection
	GlobalSection(ExtensibilityGlobals) = postSolution
		SolutionGuid = {6C2E068E-A8EE-4ECA-BB74-A746F177C19B}
	EndGlobalSection
EndGlobal
